
Microsoft Visual Studio Solution File, Format Version 12.00
# Visual Studio 14
VisualStudioVersion = 14.0.25420.1
MinimumVisualStudioVersion = 10.0.40219.1
Project("{FAE04EC0-301F-11D3-BF4B-00C04F79EFBC}") = "Kevenin.WpfBase", "Kevenin.WpfBase\Kevenin.WpfBase.csproj", "{235B5616-292E-4C6B-80DA-40891F82A96E}"
EndProject
Project("{FAE04EC0-301F-11D3-BF4B-00C04F79EFBC}") = "Kevenin.LiveClock", "Kevenin.LiveClock\Kevenin.LiveClock.csproj", "{3CAD3062-6C04-480E-8384-88196844E9A6}"
EndProject
Global
	GlobalSection(SolutionConfigurationPlatforms) = preSolution
		Debug|Any CPU = Debug|Any CPU
		Release|Any CPU = Release|Any CPU
	EndGlobalSection
	GlobalSection(ProjectConfigurationPlatforms) = postSolution
		{235B5616-292E-4C6B-80DA-40891F82A96E}.Debug|Any CPU.ActiveCfg = Debug|Any CPU
		{235B5616-292E-4C6B-80DA-40891F82A96E}.Debug|Any CPU.Build.0 = Debug|Any CPU
		{235B5616-292E-4C6B-80DA-40891F82A96E}.Release|Any CPU.ActiveCfg = Release|Any CPU
		{235B5616-292E-4C6B-80DA-40891F82A96E}.Release|Any CPU.Build.0 = Release|Any CPU
		{3CAD3062-6C04-480E-8384-88196844E9A6}.Debug|Any CPU.ActiveCfg = Debug|Any CPU
		{3CAD3062-6C04-480E-8384-88196844E9A6}.Debug|Any CPU.Build.0 = Debug|Any CPU
		{3CAD3062-6C04-480E-8384-88196844E9A6}.Release|Any CPU.ActiveCfg = Release|Any CPU
		{3CAD3062-6C04-480E-8384-88196844E9A6}.Release|Any CPU.Build.0 = Release|Any CPU
	EndGlobalSection
	GlobalSection(SolutionProperties) = preSolution
		HideSolutionNode = FALSE
	EndGlobalSection
EndGlobal
